
Microsoft Visual Studio Solution File, Format Version 12.00
# 
Project("{FAE04EC0-301F-11D3-BF4B-00C04F79EFBC}") = "ClassLibrary1", "ClassLibrary1\ClassLibrary1.csproj", "{C76C971A-DA5A-412D-92A5-B7065424441E}"
EndProject
Project("{FAE04EC0-301F-11D3-BF4B-00C04F79EFBC}") = "IamFortress.Domain", "IamFortress.Domain\IamFortress.Domain.csproj", "{625D45C7-CDF7-462A-9BFB-07CEB9E203DD}"
EndProject
Project("{FAE04EC0-301F-11D3-BF4B-00C04F79EFBC}") = "IamFortress.Application", "IamFortress.Application\IamFortress.Application.csproj", "{8AF236C0-A801-4431-A1CF-86DA05673707}"
EndProject
Project("{FAE04EC0-301F-11D3-BF4B-00C04F79EFBC}") = "IamFortress.Infrastructure", "IamFortress.Infrastructure\IamFortress.Infrastructure.csproj", "{769944D7-36EA-4AB3-BA77-C7614D213220}"
EndProject
Project("{FAE04EC0-301F-11D3-BF4B-00C04F79EFBC}") = "IamFortress.Web", "IamFortress.Web\IamFortress.Web.csproj", "{253C5036-475E-4B2D-B413-38BB04307DA6}"
EndProject
Global
	GlobalSection(SolutionConfigurationPlatforms) = preSolution
		Debug|Any CPU = Debug|Any CPU
		Release|Any CPU = Release|Any CPU
	EndGlobalSection
	GlobalSection(ProjectConfigurationPlatforms) = postSolution
		{C76C971A-DA5A-412D-92A5-B7065424441E}.Debug|Any CPU.ActiveCfg = Debug|Any CPU
		{C76C971A-DA5A-412D-92A5-B7065424441E}.Debug|Any CPU.Build.0 = Debug|Any CPU
		{C76C971A-DA5A-412D-92A5-B7065424441E}.Release|Any CPU.ActiveCfg = Release|Any CPU
		{C76C971A-DA5A-412D-92A5-B7065424441E}.Release|Any CPU.Build.0 = Release|Any CPU
		{625D45C7-CDF7-462A-9BFB-07CEB9E203DD}.Debug|Any CPU.ActiveCfg = Debug|Any CPU
		{625D45C7-CDF7-462A-9BFB-07CEB9E203DD}.Debug|Any CPU.Build.0 = Debug|Any CPU
		{625D45C7-CDF7-462A-9BFB-07CEB9E203DD}.Release|Any CPU.ActiveCfg = Release|Any CPU
		{625D45C7-CDF7-462A-9BFB-07CEB9E203DD}.Release|Any CPU.Build.0 = Release|Any CPU
		{8AF236C0-A801-4431-A1CF-86DA05673707}.Debug|Any CPU.ActiveCfg = Debug|Any CPU
		{8AF236C0-A801-4431-A1CF-86DA05673707}.Debug|Any CPU.Build.0 = Debug|Any CPU
		{8AF236C0-A801-4431-A1CF-86DA05673707}.Release|Any CPU.ActiveCfg = Release|Any CPU
		{8AF236C0-A801-4431-A1CF-86DA05673707}.Release|Any CPU.Build.0 = Release|Any CPU
		{769944D7-36EA-4AB3-BA77-C7614D213220}.Debug|Any CPU.ActiveCfg = Debug|Any CPU
		{769944D7-36EA-4AB3-BA77-C7614D213220}.Debug|Any CPU.Build.0 = Debug|Any CPU
		{769944D7-36EA-4AB3-BA77-C7614D213220}.Release|Any CPU.ActiveCfg = Release|Any CPU
		{769944D7-36EA-4AB3-BA77-C7614D213220}.Release|Any CPU.Build.0 = Release|Any CPU
		{253C5036-475E-4B2D-B413-38BB04307DA6}.Debug|Any CPU.ActiveCfg = Debug|Any CPU
		{253C5036-475E-4B2D-B413-38BB04307DA6}.Debug|Any CPU.Build.0 = Debug|Any CPU
		{253C5036-475E-4B2D-B413-38BB04307DA6}.Release|Any CPU.ActiveCfg = Release|Any CPU
		{253C5036-475E-4B2D-B413-38BB04307DA6}.Release|Any CPU.Build.0 = Release|Any CPU
	EndGlobalSection
EndGlobal
